
Microsoft Visual Studio Solution File, Format Version 12.00
# Visual Studio 15
VisualStudioVersion = 15.0.27004.2010
MinimumVisualStudioVersion = 10.0.40219.1
Project("{FAE04EC0-301F-11D3-BF4B-00C04F79EFBC}") = "H3BpmUpgrade", "H3BpmUpgrade\H3BpmUpgrade.csproj", "{99E22C3C-487F-4343-A10D-53337B5E66FC}"
EndProject
Global
	GlobalSection(SolutionConfigurationPlatforms) = preSolution
		Debug|Any CPU = Debug|Any CPU
		Release|Any CPU = Release|Any CPU
	EndGlobalSection
	GlobalSection(ProjectConfigurationPlatforms) = postSolution
		{99E22C3C-487F-4343-A10D-53337B5E66FC}.Debug|Any CPU.ActiveCfg = Debug|Any CPU
		{99E22C3C-487F-4343-A10D-53337B5E66FC}.Debug|Any CPU.Build.0 = Debug|Any CPU
		{99E22C3C-487F-4343-A10D-53337B5E66FC}.Release|Any CPU.ActiveCfg = Release|Any CPU
		{99E22C3C-487F-4343-A10D-53337B5E66FC}.Release|Any CPU.Build.0 = Release|Any CPU
	EndGlobalSection
	GlobalSection(SolutionProperties) = preSolution
		HideSolutionNode = FALSE
	EndGlobalSection
	GlobalSection(ExtensibilityGlobals) = postSolution
		SolutionGuid = {F25E28F9-C2BA-4951-B00C-33825CF9575A}
	EndGlobalSection
EndGlobal
